
Microsoft Visual Studio Solution File, Format Version 12.00
# Visual Studio Version 17
VisualStudioVersion = 17.8.34316.72
MinimumVisualStudioVersion = 10.0.40219.1
Project("{FAE04EC0-301F-11D3-BF4B-00C04F79EFBC}") = "Lucrarea 2 C#", "Lucrarea 2 C#\Lucrarea 2 C#.csproj", "{BDFFD725-45DD-43C1-84BD-274EBC269445}"
EndProject
Global
	GlobalSection(SolutionConfigurationPlatforms) = preSolution
		Debug|Any CPU = Debug|Any CPU
		Release|Any CPU = Release|Any CPU
	EndGlobalSection
	GlobalSection(ProjectConfigurationPlatforms) = postSolution
		{BDFFD725-45DD-43C1-84BD-274EBC269445}.Debug|Any CPU.ActiveCfg = Debug|Any CPU
		{BDFFD725-45DD-43C1-84BD-274EBC269445}.Debug|Any CPU.Build.0 = Debug|Any CPU
		{BDFFD725-45DD-43C1-84BD-274EBC269445}.Release|Any CPU.ActiveCfg = Release|Any CPU
		{BDFFD725-45DD-43C1-84BD-274EBC269445}.Release|Any CPU.Build.0 = Release|Any CPU
	EndGlobalSection
	GlobalSection(SolutionProperties) = preSolution
		HideSolutionNode = FALSE
	EndGlobalSection
	GlobalSection(ExtensibilityGlobals) = postSolution
		SolutionGuid = {3DAFC9EE-357D-451B-85A8-A07BE5E7ADE7}
	EndGlobalSection
EndGlobal
