
Microsoft Visual Studio Solution File, Format Version 12.00
# Visual Studio Version 17
VisualStudioVersion = 17.8.34316.72
MinimumVisualStudioVersion = 10.0.40219.1
Project("{FAE04EC0-301F-11D3-BF4B-00C04F79EFBC}") = "Lucrarea 3 C#", "Lucrarea 3 C#\Lucrarea 3 C#.csproj", "{7A6D2F63-EDC0-42FE-BCD8-AE8CDE1D0656}"
EndProject
Global
	GlobalSection(SolutionConfigurationPlatforms) = preSolution
		Debug|Any CPU = Debug|Any CPU
		Release|Any CPU = Release|Any CPU
	EndGlobalSection
	GlobalSection(ProjectConfigurationPlatforms) = postSolution
		{7A6D2F63-EDC0-42FE-BCD8-AE8CDE1D0656}.Debug|Any CPU.ActiveCfg = Debug|Any CPU
		{7A6D2F63-EDC0-42FE-BCD8-AE8CDE1D0656}.Debug|Any CPU.Build.0 = Debug|Any CPU
		{7A6D2F63-EDC0-42FE-BCD8-AE8CDE1D0656}.Release|Any CPU.ActiveCfg = Release|Any CPU
		{7A6D2F63-EDC0-42FE-BCD8-AE8CDE1D0656}.Release|Any CPU.Build.0 = Release|Any CPU
	EndGlobalSection
	GlobalSection(SolutionProperties) = preSolution
		HideSolutionNode = FALSE
	EndGlobalSection
	GlobalSection(ExtensibilityGlobals) = postSolution
		SolutionGuid = {FFFF4E0A-1466-4358-B230-D321EC47E901}
	EndGlobalSection
EndGlobal
